{
    "_meta": {
        "hash": {
            "sha256": "62a8f1702874f13ef5fba3e4a1cdd24a69a6d0852d319c530efdfeef5e7c252e"
        },
        "pipfile-spec": 6,
        "requires": {
            "python_version": "3.9"
        },
        "sources": [
            {
                "name": "chainableiterator",
                "url": "https://github.com/Enchan1207/ChainableIterator",
                "verify_ssl": true
            }
        ]
    },
    "default": {
        "termdecorator": {
            "git": "https://github.com/Enchan1207/python-termdecorator",
            "ref": "c834a8ef57d9cb5162080286d80f150ff7849096"
        }
    },
    "develop": {}
}
